
Microsoft Visual Studio Solution File, Format Version 12.00
# Visual Studio Version 17
VisualStudioVersion = 17.14.37216.2 d17.14
MinimumVisualStudioVersion = 10.0.40219.1
Project("{8BC9CEB8-8B4A-11D0-8D11-00A0C91BC942}") = "lab3_sem1", "lab3_sem1\lab3_sem1.vcxproj", "{D1B6E249-7657-4FFA-9834-78FE19969FAA}"
EndProject
Global
	GlobalSection(SolutionConfigurationPlatforms) = preSolution
		Debug|x64 = Debug|x64
		Debug|x86 = Debug|x86
		Release|x64 = Release|x64
		Release|x86 = Release|x86
	EndGlobalSection
	GlobalSection(ProjectConfigurationPlatforms) = postSolution
		{D1B6E249-7657-4FFA-9834-78FE19969FAA}.Debug|x64.ActiveCfg = Debug|x64
		{D1B6E249-7657-4FFA-9834-78FE19969FAA}.Debug|x64.Build.0 = Debug|x64
		{D1B6E249-7657-4FFA-9834-78FE19969FAA}.Debug|x86.ActiveCfg = Debug|Win32
		{D1B6E249-7657-4FFA-9834-78FE19969FAA}.Debug|x86.Build.0 = Debug|Win32
		{D1B6E249-7657-4FFA-9834-78FE19969FAA}.Release|x64.ActiveCfg = Release|x64
		{D1B6E249-7657-4FFA-9834-78FE19969FAA}.Release|x64.Build.0 = Release|x64
		{D1B6E249-7657-4FFA-9834-78FE19969FAA}.Release|x86.ActiveCfg = Release|Win32
		{D1B6E249-7657-4FFA-9834-78FE19969FAA}.Release|x86.Build.0 = Release|Win32
	EndGlobalSection
	GlobalSection(SolutionProperties) = preSolution
		HideSolutionNode = FALSE
	EndGlobalSection
	GlobalSection(ExtensibilityGlobals) = postSolution
		SolutionGuid = {C8460C12-764A-46AF-B40F-C288F1B0DDF4}
	EndGlobalSection
EndGlobal
